PODS:
  - cursor (0.0.1):
    - FlutterMacOS
  - FlutterMacOS (1.0.0)

DEPENDENCIES:
  - cursor (from `Flutter/ephemeral/.symlinks/plugins/cursor/macos`)
  - FlutterMacOS (from `Flutter/ephemeral/.symlinks/flutter/darwin-x64`)

EXTERNAL SOURCES:
  cursor:
    :path: Flutter/ephemeral/.symlinks/plugins/cursor/macos
  FlutterMacOS:
    :path: Flutter/ephemeral/.symlinks/flutter/darwin-x64

SPEC CHECKSUMS:
  cursor: a6af26800f481057b2a34b66bd5b5cb4fe0375c6
  FlutterMacOS: 15bea8a44d2fa024068daa0140371c020b4b6ff9

PODFILE CHECKSUM: d8ba9b3e9e93c62c74a660b46c6fcb09f03991a7

COCOAPODS: 1.8.4
